
Microsoft Visual Studio Solution File, Format Version 12.00
# Visual Studio 15
VisualStudioVersion = 15.0.28307.136
MinimumVisualStudioVersion = 10.0.40219.1
Project("{8BC9CEB8-8B4A-11D0-8D11-00A0C91BC942}") = "window", "window\window.vcxproj", "{C69BB63B-4BDE-4D44-BEF9-4506897E1CCE}"
EndProject
Project("{8BC9CEB8-8B4A-11D0-8D11-00A0C91BC942}") = "trianglels", "trianglels\trianglels.vcxproj", "{4D6AC2F2-1754-4CE2-9D94-7647952F3A70}"
EndProject
Project("{8BC9CEB8-8B4A-11D0-8D11-00A0C91BC942}") = "shader", "shader\shader.vcxproj", "{0CFB404E-4400-4FC7-A324-AF6FDDDD1D97}"
EndProject
Project("{8BC9CEB8-8B4A-11D0-8D11-00A0C91BC942}") = "texture", "texture\texture.vcxproj", "{8564324B-618A-42A6-8C18-4CD9288C0BCB}"
EndProject
Project("{8BC9CEB8-8B4A-11D0-8D11-00A0C91BC942}") = "transformattions", "transformattions\transformattions.vcxproj", "{A13DC85B-36DD-45F8-A4C8-7FC4FFEC2EC5}"
EndProject
Project("{8BC9CEB8-8B4A-11D0-8D11-00A0C91BC942}") = "coordinateSystem", "coordinateSystem\coordinateSystem.vcxproj", "{252D90CE-DC34-4B26-AB7A-048E365062BB}"
EndProject
Project("{8BC9CEB8-8B4A-11D0-8D11-00A0C91BC942}") = "camera", "camera\camera.vcxproj", "{926C68EA-B7AC-40FB-B8E2-4C7CEBFA4140}"
EndProject
Project("{8BC9CEB8-8B4A-11D0-8D11-00A0C91BC942}") = "colors", "colors\colors.vcxproj", "{6A6BBA26-F1FC-4FCF-A17E-D080D7EB9367}"
EndProject
Project("{8BC9CEB8-8B4A-11D0-8D11-00A0C91BC942}") = "basicLight", "basicLight\basicLight.vcxproj", "{84A52E5D-0C35-4A80-8722-B9C7AABFD900}"
EndProject
Project("{8BC9CEB8-8B4A-11D0-8D11-00A0C91BC942}") = "materials", "materials\materials.vcxproj", "{2A8817EB-8E54-417D-987E-2D06770540BE}"
EndProject
Project("{8BC9CEB8-8B4A-11D0-8D11-00A0C91BC942}") = "lightMaps", "lightMaps\lightMaps.vcxproj", "{87A6953F-B0FD-4949-A9CA-7A75BC88C3C7}"
EndProject
Project("{8BC9CEB8-8B4A-11D0-8D11-00A0C91BC942}") = "lightCasters", "lightCasters\lightCasters.vcxproj", "{ED71CFEE-1D4B-4298-B9B4-9C261A886840}"
EndProject
Project("{8BC9CEB8-8B4A-11D0-8D11-00A0C91BC942}") = "multipleLight", "multipleLight\multipleLight.vcxproj", "{134D529B-C64F-41D2-90B0-9367FC7116B8}"
EndProject
Project("{8BC9CEB8-8B4A-11D0-8D11-00A0C91BC942}") = "modelLoading", "modelLoading\modelLoading.vcxproj", "{F73FE450-ADC4-4240-A8C4-DD4EC74248F2}"
EndProject
Project("{2150E333-8FDC-42A3-9474-1A3956D46DE8}") = "advancedOpengl", "advancedOpengl", "{A552489E-FB3C-467A-9449-FA0719B636A9}"
EndProject
Project("{2150E333-8FDC-42A3-9474-1A3956D46DE8}") = "modelLoad", "modelLoad", "{BA5EADD0-1165-43B8-8977-CE2DC8855E0B}"
EndProject
Project("{2150E333-8FDC-42A3-9474-1A3956D46DE8}") = "lighting", "lighting", "{571418E4-7833-4E09-9AB5-C191092FBA46}"
EndProject
Project("{2150E333-8FDC-42A3-9474-1A3956D46DE8}") = "getingStarted", "getingStarted", "{BD3BD9A7-BD28-4C8D-8067-AB5C8764E186}"
EndProject
Project("{8BC9CEB8-8B4A-11D0-8D11-00A0C91BC942}") = "depthTest", "depthTest\depthTest.vcxproj", "{959E8B74-EEEF-413A-B64B-9519B6AF68D0}"
EndProject
Project("{8BC9CEB8-8B4A-11D0-8D11-00A0C91BC942}") = "stencilTesting", "stencilTesting\stencilTesting.vcxproj", "{9E387DF1-E5D6-4573-939F-1B6E9195672E}"
EndProject
Project("{8BC9CEB8-8B4A-11D0-8D11-00A0C91BC942}") = "blending", "blending\blending.vcxproj", "{B05C50CF-ADA8-4581-9226-5A8C263C9254}"
EndProject
Project("{8BC9CEB8-8B4A-11D0-8D11-00A0C91BC942}") = "faceCulling", "faceCulling\faceCulling.vcxproj", "{F5C8D275-D358-40D4-9A5D-E2FFB368D59D}"
EndProject
Project("{8BC9CEB8-8B4A-11D0-8D11-00A0C91BC942}") = "frameBuffers", "frameBuffers\frameBuffers.vcxproj", "{07A256ED-101C-46F3-AF51-02329306385F}"
EndProject
Project("{8BC9CEB8-8B4A-11D0-8D11-00A0C91BC942}") = "cubeMap", "cubeMap\cubeMap.vcxproj", "{DD73C922-FDC4-4B71-A6FC-D6E4254CF702}"
EndProject
Project("{8BC9CEB8-8B4A-11D0-8D11-00A0C91BC942}") = "advancedGLSL", "advancedGLSL\advancedGLSL.vcxproj", "{3106E0BE-BD50-4766-B4F9-3F2D3479D741}"
EndProject
Project("{8BC9CEB8-8B4A-11D0-8D11-00A0C91BC942}") = "geometryShader", "geometryShader\geometryShader.vcxproj", "{DF7D8769-83C3-4A9A-88E1-BCD9EBA67E3F}"
EndProject
Project("{8BC9CEB8-8B4A-11D0-8D11-00A0C91BC942}") = "instancing", "instancing\instancing.vcxproj", "{840A23D5-C837-4CC0-B176-AFC488F380C1}"
EndProject
Project("{8BC9CEB8-8B4A-11D0-8D11-00A0C91BC942}") = "antiAliasing", "antiAliasing\antiAliasing.vcxproj", "{1036066C-9AF8-44D3-9D8D-6E5A54E4EA46}"
EndProject
Project("{2150E333-8FDC-42A3-9474-1A3956D46DE8}") = "advancedLight", "advancedLight", "{B5290872-593A-4233-B343-0225FA87EFF8}"
EndProject
Project("{8BC9CEB8-8B4A-11D0-8D11-00A0C91BC942}") = "advancedLight", "advancedLight\advancedLight.vcxproj", "{C213016F-F484-4F28-9D76-C9F221C3DD22}"
EndProject
Project("{8BC9CEB8-8B4A-11D0-8D11-00A0C91BC942}") = "gammaCorrection", "gammaCorrection\gammaCorrection.vcxproj", "{0C5EC4B7-3641-46DF-84D9-F73694D44C2D}"
EndProject
Project("{2150E333-8FDC-42A3-9474-1A3956D46DE8}") = "Shadows", "Shadows", "{ED019776-79E1-4C18-8710-D4F3D7062589}"
EndProject
Project("{8BC9CEB8-8B4A-11D0-8D11-00A0C91BC942}") = "shadowMapping", "shadowMapping\shadowMapping.vcxproj", "{3CEB16A0-0F7B-484E-B9A7-2424B6F41AF7}"
EndProject
Project("{8BC9CEB8-8B4A-11D0-8D11-00A0C91BC942}") = "pointShadow", "pointShadow\pointShadow.vcxproj", "{4EB9B2B9-4248-4F92-A3A8-689C44327E1D}"
EndProject
Project("{8BC9CEB8-8B4A-11D0-8D11-00A0C91BC942}") = "normalMapping", "normalMapping\normalMapping.vcxproj", "{13E0DC67-BB28-47FB-A2B1-6A454CAC5D8E}"
EndProject
Project("{8BC9CEB8-8B4A-11D0-8D11-00A0C91BC942}") = "parallaxMapping", "parallaxMapping\parallaxMapping.vcxproj", "{2492D6D5-0711-4C22-BE78-D847F9E2B955}"
EndProject
Project("{8BC9CEB8-8B4A-11D0-8D11-00A0C91BC942}") = "highDynamicRange", "highDynamicRange\highDynamicRange.vcxproj", "{24802D8D-BCF3-409B-B59A-3F7204E2AF3E}"
EndProject
Project("{8BC9CEB8-8B4A-11D0-8D11-00A0C91BC942}") = "bloom", "bloom\bloom.vcxproj", "{B42A42F5-290B-4984-9AF0-922E7617196F}"
EndProject
Global
	GlobalSection(SolutionConfigurationPlatforms) = preSolution
		Debug|x64 = Debug|x64
		Debug|x86 = Debug|x86
		Release|x64 = Release|x64
		Release|x86 = Release|x86
	EndGlobalSection
	GlobalSection(ProjectConfigurationPlatforms) = postSolution
		{C69BB63B-4BDE-4D44-BEF9-4506897E1CCE}.Debug|x64.ActiveCfg = Debug|x64
		{C69BB63B-4BDE-4D44-BEF9-4506897E1CCE}.Debug|x64.Build.0 = Debug|x64
		{C69BB63B-4BDE-4D44-BEF9-4506897E1CCE}.Debug|x86.ActiveCfg = Debug|Win32
		{C69BB63B-4BDE-4D44-BEF9-4506897E1CCE}.Debug|x86.Build.0 = Debug|Win32
		{C69BB63B-4BDE-4D44-BEF9-4506897E1CCE}.Release|x64.ActiveCfg = Release|x64
		{C69BB63B-4BDE-4D44-BEF9-4506897E1CCE}.Release|x64.Build.0 = Release|x64
		{C69BB63B-4BDE-4D44-BEF9-4506897E1CCE}.Release|x86.ActiveCfg = Release|Win32
		{C69BB63B-4BDE-4D44-BEF9-4506897E1CCE}.Release|x86.Build.0 = Release|Win32
		{4D6AC2F2-1754-4CE2-9D94-7647952F3A70}.Debug|x64.ActiveCfg = Debug|x64
		{4D6AC2F2-1754-4CE2-9D94-7647952F3A70}.Debug|x64.Build.0 = Debug|x64
		{4D6AC2F2-1754-4CE2-9D94-7647952F3A70}.Debug|x86.ActiveCfg = Debug|Win32
		{4D6AC2F2-1754-4CE2-9D94-7647952F3A70}.Debug|x86.Build.0 = Debug|Win32
		{4D6AC2F2-1754-4CE2-9D94-7647952F3A70}.Release|x64.ActiveCfg = Release|x64
		{4D6AC2F2-1754-4CE2-9D94-7647952F3A70}.Release|x64.Build.0 = Release|x64
		{4D6AC2F2-1754-4CE2-9D94-7647952F3A70}.Release|x86.ActiveCfg = Release|Win32
		{4D6AC2F2-1754-4CE2-9D94-7647952F3A70}.Release|x86.Build.0 = Release|Win32
		{0CFB404E-4400-4FC7-A324-AF6FDDDD1D97}.Debug|x64.ActiveCfg = Debug|x64
		{0CFB404E-4400-4FC7-A324-AF6FDDDD1D97}.Debug|x64.Build.0 = Debug|x64
		{0CFB404E-4400-4FC7-A324-AF6FDDDD1D97}.Debug|x86.ActiveCfg = Debug|Win32
		{0CFB404E-4400-4FC7-A324-AF6FDDDD1D97}.Debug|x86.Build.0 = Debug|Win32
		{0CFB404E-4400-4FC7-A324-AF6FDDDD1D97}.Release|x64.ActiveCfg = Release|x64
		{0CFB404E-4400-4FC7-A324-AF6FDDDD1D97}.Release|x64.Build.0 = Release|x64
		{0CFB404E-4400-4FC7-A324-AF6FDDDD1D97}.Release|x86.ActiveCfg = Release|Win32
		{0CFB404E-4400-4FC7-A324-AF6FDDDD1D97}.Release|x86.Build.0 = Release|Win32
		{8564324B-618A-42A6-8C18-4CD9288C0BCB}.Debug|x64.ActiveCfg = Debug|x64
		{8564324B-618A-42A6-8C18-4CD9288C0BCB}.Debug|x64.Build.0 = Debug|x64
		{8564324B-618A-42A6-8C18-4CD9288C0BCB}.Debug|x86.ActiveCfg = Debug|Win32
		{8564324B-618A-42A6-8C18-4CD9288C0BCB}.Debug|x86.Build.0 = Debug|Win32
		{8564324B-618A-42A6-8C18-4CD9288C0BCB}.Release|x64.ActiveCfg = Release|x64
		{8564324B-618A-42A6-8C18-4CD9288C0BCB}.Release|x64.Build.0 = Release|x64
		{8564324B-618A-42A6-8C18-4CD9288C0BCB}.Release|x86.ActiveCfg = Release|Win32
		{8564324B-618A-42A6-8C18-4CD9288C0BCB}.Release|x86.Build.0 = Release|Win32
		{A13DC85B-36DD-45F8-A4C8-7FC4FFEC2EC5}.Debug|x64.ActiveCfg = Debug|x64
		{A13DC85B-36DD-45F8-A4C8-7FC4FFEC2EC5}.Debug|x64.Build.0 = Debug|x64
		{A13DC85B-36DD-45F8-A4C8-7FC4FFEC2EC5}.Debug|x86.ActiveCfg = Debug|Win32
		{A13DC85B-36DD-45F8-A4C8-7FC4FFEC2EC5}.Debug|x86.Build.0 = Debug|Win32
		{A13DC85B-36DD-45F8-A4C8-7FC4FFEC2EC5}.Release|x64.ActiveCfg = Release|x64
		{A13DC85B-36DD-45F8-A4C8-7FC4FFEC2EC5}.Release|x64.Build.0 = Release|x64
		{A13DC85B-36DD-45F8-A4C8-7FC4FFEC2EC5}.Release|x86.ActiveCfg = Release|Win32
		{A13DC85B-36DD-45F8-A4C8-7FC4FFEC2EC5}.Release|x86.Build.0 = Release|Win32
		{252D90CE-DC34-4B26-AB7A-048E365062BB}.Debug|x64.ActiveCfg = Debug|x64
		{252D90CE-DC34-4B26-AB7A-048E365062BB}.Debug|x64.Build.0 = Debug|x64
		{252D90CE-DC34-4B26-AB7A-048E365062BB}.Debug|x86.ActiveCfg = Debug|Win32
		{252D90CE-DC34-4B26-AB7A-048E365062BB}.Debug|x86.Build.0 = Debug|Win32
		{252D90CE-DC34-4B26-AB7A-048E365062BB}.Release|x64.ActiveCfg = Release|x64
		{252D90CE-DC34-4B26-AB7A-048E365062BB}.Release|x64.Build.0 = Release|x64
		{252D90CE-DC34-4B26-AB7A-048E365062BB}.Release|x86.ActiveCfg = Release|Win32
		{252D90CE-DC34-4B26-AB7A-048E365062BB}.Release|x86.Build.0 = Release|Win32
		{926C68EA-B7AC-40FB-B8E2-4C7CEBFA4140}.Debug|x64.ActiveCfg = Debug|x64
		{926C68EA-B7AC-40FB-B8E2-4C7CEBFA4140}.Debug|x64.Build.0 = Debug|x64
		{926C68EA-B7AC-40FB-B8E2-4C7CEBFA4140}.Debug|x86.ActiveCfg = Debug|Win32
		{926C68EA-B7AC-40FB-B8E2-4C7CEBFA4140}.Debug|x86.Build.0 = Debug|Win32
		{926C68EA-B7AC-40FB-B8E2-4C7CEBFA4140}.Release|x64.ActiveCfg = Release|x64
		{926C68EA-B7AC-40FB-B8E2-4C7CEBFA4140}.Release|x64.Build.0 = Release|x64
		{926C68EA-B7AC-40FB-B8E2-4C7CEBFA4140}.Release|x86.ActiveCfg = Release|Win32
		{926C68EA-B7AC-40FB-B8E2-4C7CEBFA4140}.Release|x86.Build.0 = Release|Win32
		{6A6BBA26-F1FC-4FCF-A17E-D080D7EB9367}.Debug|x64.ActiveCfg = Debug|x64
		{6A6BBA26-F1FC-4FCF-A17E-D080D7EB9367}.Debug|x64.Build.0 = Debug|x64
		{6A6BBA26-F1FC-4FCF-A17E-D080D7EB9367}.Debug|x86.ActiveCfg = Debug|Win32
		{6A6BBA26-F1FC-4FCF-A17E-D080D7EB9367}.Debug|x86.Build.0 = Debug|Win32
		{6A6BBA26-F1FC-4FCF-A17E-D080D7EB9367}.Release|x64.ActiveCfg = Release|x64
		{6A6BBA26-F1FC-4FCF-A17E-D080D7EB9367}.Release|x64.Build.0 = Release|x64
		{6A6BBA26-F1FC-4FCF-A17E-D080D7EB9367}.Release|x86.ActiveCfg = Release|Win32
		{6A6BBA26-F1FC-4FCF-A17E-D080D7EB9367}.Release|x86.Build.0 = Release|Win32
		{84A52E5D-0C35-4A80-8722-B9C7AABFD900}.Debug|x64.ActiveCfg = Debug|x64
		{84A52E5D-0C35-4A80-8722-B9C7AABFD900}.Debug|x64.Build.0 = Debug|x64
		{84A52E5D-0C35-4A80-8722-B9C7AABFD900}.Debug|x86.ActiveCfg = Debug|Win32
		{84A52E5D-0C35-4A80-8722-B9C7AABFD900}.Debug|x86.Build.0 = Debug|Win32
		{84A52E5D-0C35-4A80-8722-B9C7AABFD900}.Release|x64.ActiveCfg = Release|x64
		{84A52E5D-0C35-4A80-8722-B9C7AABFD900}.Release|x64.Build.0 = Release|x64
		{84A52E5D-0C35-4A80-8722-B9C7AABFD900}.Release|x86.ActiveCfg = Release|Win32
		{84A52E5D-0C35-4A80-8722-B9C7AABFD900}.Release|x86.Build.0 = Release|Win32
		{2A8817EB-8E54-417D-987E-2D06770540BE}.Debug|x64.ActiveCfg = Debug|x64
		{2A8817EB-8E54-417D-987E-2D06770540BE}.Debug|x64.Build.0 = Debug|x64
		{2A8817EB-8E54-417D-987E-2D06770540BE}.Debug|x86.ActiveCfg = Debug|Win32
		{2A8817EB-8E54-417D-987E-2D06770540BE}.Debug|x86.Build.0 = Debug|Win32
		{2A8817EB-8E54-417D-987E-2D06770540BE}.Release|x64.ActiveCfg = Release|x64
		{2A8817EB-8E54-417D-987E-2D06770540BE}.Release|x64.Build.0 = Release|x64
		{2A8817EB-8E54-417D-987E-2D06770540BE}.Release|x86.ActiveCfg = Release|Win32
		{2A8817EB-8E54-417D-987E-2D06770540BE}.Release|x86.Build.0 = Release|Win32
		{87A6953F-B0FD-4949-A9CA-7A75BC88C3C7}.Debug|x64.ActiveCfg = Debug|x64
		{87A6953F-B0FD-4949-A9CA-7A75BC88C3C7}.Debug|x64.Build.0 = Debug|x64
		{87A6953F-B0FD-4949-A9CA-7A75BC88C3C7}.Debug|x86.ActiveCfg = Debug|Win32
		{87A6953F-B0FD-4949-A9CA-7A75BC88C3C7}.Debug|x86.Build.0 = Debug|Win32
		{87A6953F-B0FD-4949-A9CA-7A75BC88C3C7}.Release|x64.ActiveCfg = Release|x64
		{87A6953F-B0FD-4949-A9CA-7A75BC88C3C7}.Release|x64.Build.0 = Release|x64
		{87A6953F-B0FD-4949-A9CA-7A75BC88C3C7}.Release|x86.ActiveCfg = Release|Win32
		{87A6953F-B0FD-4949-A9CA-7A75BC88C3C7}.Release|x86.Build.0 = Release|Win32
		{ED71CFEE-1D4B-4298-B9B4-9C261A886840}.Debug|x64.ActiveCfg = Debug|x64
		{ED71CFEE-1D4B-4298-B9B4-9C261A886840}.Debug|x64.Build.0 = Debug|x64
		{ED71CFEE-1D4B-4298-B9B4-9C261A886840}.Debug|x86.ActiveCfg = Debug|Win32
		{ED71CFEE-1D4B-4298-B9B4-9C261A886840}.Debug|x86.Build.0 = Debug|Win32
		{ED71CFEE-1D4B-4298-B9B4-9C261A886840}.Release|x64.ActiveCfg = Release|x64
		{ED71CFEE-1D4B-4298-B9B4-9C261A886840}.Release|x64.Build.0 = Release|x64
		{ED71CFEE-1D4B-4298-B9B4-9C261A886840}.Release|x86.ActiveCfg = Release|Win32
		{ED71CFEE-1D4B-4298-B9B4-9C261A886840}.Release|x86.Build.0 = Release|Win32
		{134D529B-C64F-41D2-90B0-9367FC7116B8}.Debug|x64.ActiveCfg = Debug|x64
		{134D529B-C64F-41D2-90B0-9367FC7116B8}.Debug|x64.Build.0 = Debug|x64
		{134D529B-C64F-41D2-90B0-9367FC7116B8}.Debug|x86.ActiveCfg = Debug|Win32
		{134D529B-C64F-41D2-90B0-9367FC7116B8}.Debug|x86.Build.0 = Debug|Win32
		{134D529B-C64F-41D2-90B0-9367FC7116B8}.Release|x64.ActiveCfg = Release|x64
		{134D529B-C64F-41D2-90B0-9367FC7116B8}.Release|x64.Build.0 = Release|x64
		{134D529B-C64F-41D2-90B0-9367FC7116B8}.Release|x86.ActiveCfg = Release|Win32
		{134D529B-C64F-41D2-90B0-9367FC7116B8}.Release|x86.Build.0 = Release|Win32
		{F73FE450-ADC4-4240-A8C4-DD4EC74248F2}.Debug|x64.ActiveCfg = Debug|x64
		{F73FE450-ADC4-4240-A8C4-DD4EC74248F2}.Debug|x64.Build.0 = Debug|x64
		{F73FE450-ADC4-4240-A8C4-DD4EC74248F2}.Debug|x86.ActiveCfg = Debug|Win32
		{F73FE450-ADC4-4240-A8C4-DD4EC74248F2}.Debug|x86.Build.0 = Debug|Win32
		{F73FE450-ADC4-4240-A8C4-DD4EC74248F2}.Release|x64.ActiveCfg = Release|x64
		{F73FE450-ADC4-4240-A8C4-DD4EC74248F2}.Release|x64.Build.0 = Release|x64
		{F73FE450-ADC4-4240-A8C4-DD4EC74248F2}.Release|x86.ActiveCfg = Release|Win32
		{F73FE450-ADC4-4240-A8C4-DD4EC74248F2}.Release|x86.Build.0 = Release|Win32
		{959E8B74-EEEF-413A-B64B-9519B6AF68D0}.Debug|x64.ActiveCfg = Debug|x64
		{959E8B74-EEEF-413A-B64B-9519B6AF68D0}.Debug|x64.Build.0 = Debug|x64
		{959E8B74-EEEF-413A-B64B-9519B6AF68D0}.Debug|x86.ActiveCfg = Debug|Win32
		{959E8B74-EEEF-413A-B64B-9519B6AF68D0}.Debug|x86.Build.0 = Debug|Win32
		{959E8B74-EEEF-413A-B64B-9519B6AF68D0}.Release|x64.ActiveCfg = Release|x64
		{959E8B74-EEEF-413A-B64B-9519B6AF68D0}.Release|x64.Build.0 = Release|x64
		{959E8B74-EEEF-413A-B64B-9519B6AF68D0}.Release|x86.ActiveCfg = Release|Win32
		{959E8B74-EEEF-413A-B64B-9519B6AF68D0}.Release|x86.Build.0 = Release|Win32
		{9E387DF1-E5D6-4573-939F-1B6E9195672E}.Debug|x64.ActiveCfg = Debug|x64
		{9E387DF1-E5D6-4573-939F-1B6E9195672E}.Debug|x64.Build.0 = Debug|x64
		{9E387DF1-E5D6-4573-939F-1B6E9195672E}.Debug|x86.ActiveCfg = Debug|Win32
		{9E387DF1-E5D6-4573-939F-1B6E9195672E}.Debug|x86.Build.0 = Debug|Win32
		{9E387DF1-E5D6-4573-939F-1B6E9195672E}.Release|x64.ActiveCfg = Release|x64
		{9E387DF1-E5D6-4573-939F-1B6E9195672E}.Release|x64.Build.0 = Release|x64
		{9E387DF1-E5D6-4573-939F-1B6E9195672E}.Release|x86.ActiveCfg = Release|Win32
		{9E387DF1-E5D6-4573-939F-1B6E9195672E}.Release|x86.Build.0 = Release|Win32
		{B05C50CF-ADA8-4581-9226-5A8C263C9254}.Debug|x64.ActiveCfg = Debug|x64
		{B05C50CF-ADA8-4581-9226-5A8C263C9254}.Debug|x64.Build.0 = Debug|x64
		{B05C50CF-ADA8-4581-9226-5A8C263C9254}.Debug|x86.ActiveCfg = Debug|Win32
		{B05C50CF-ADA8-4581-9226-5A8C263C9254}.Debug|x86.Build.0 = Debug|Win32
		{B05C50CF-ADA8-4581-9226-5A8C263C9254}.Release|x64.ActiveCfg = Release|x64
		{B05C50CF-ADA8-4581-9226-5A8C263C9254}.Release|x64.Build.0 = Release|x64
		{B05C50CF-ADA8-4581-9226-5A8C263C9254}.Release|x86.ActiveCfg = Release|Win32
		{B05C50CF-ADA8-4581-9226-5A8C263C9254}.Release|x86.Build.0 = Release|Win32
		{F5C8D275-D358-40D4-9A5D-E2FFB368D59D}.Debug|x64.ActiveCfg = Debug|x64
		{F5C8D275-D358-40D4-9A5D-E2FFB368D59D}.Debug|x64.Build.0 = Debug|x64
		{F5C8D275-D358-40D4-9A5D-E2FFB368D59D}.Debug|x86.ActiveCfg = Debug|Win32
		{F5C8D275-D358-40D4-9A5D-E2FFB368D59D}.Debug|x86.Build.0 = Debug|Win32
		{F5C8D275-D358-40D4-9A5D-E2FFB368D59D}.Release|x64.ActiveCfg = Release|x64
		{F5C8D275-D358-40D4-9A5D-E2FFB368D59D}.Release|x64.Build.0 = Release|x64
		{F5C8D275-D358-40D4-9A5D-E2FFB368D59D}.Release|x86.ActiveCfg = Release|Win32
		{F5C8D275-D358-40D4-9A5D-E2FFB368D59D}.Release|x86.Build.0 = Release|Win32
		{07A256ED-101C-46F3-AF51-02329306385F}.Debug|x64.ActiveCfg = Debug|x64
		{07A256ED-101C-46F3-AF51-02329306385F}.Debug|x64.Build.0 = Debug|x64
		{07A256ED-101C-46F3-AF51-02329306385F}.Debug|x86.ActiveCfg = Debug|Win32
		{07A256ED-101C-46F3-AF51-02329306385F}.Debug|x86.Build.0 = Debug|Win32
		{07A256ED-101C-46F3-AF51-02329306385F}.Release|x64.ActiveCfg = Release|x64
		{07A256ED-101C-46F3-AF51-02329306385F}.Release|x64.Build.0 = Release|x64
		{07A256ED-101C-46F3-AF51-02329306385F}.Release|x86.ActiveCfg = Release|Win32
		{07A256ED-101C-46F3-AF51-02329306385F}.Release|x86.Build.0 = Release|Win32
		{DD73C922-FDC4-4B71-A6FC-D6E4254CF702}.Debug|x64.ActiveCfg = Debug|x64
		{DD73C922-FDC4-4B71-A6FC-D6E4254CF702}.Debug|x64.Build.0 = Debug|x64
		{DD73C922-FDC4-4B71-A6FC-D6E4254CF702}.Debug|x86.ActiveCfg = Debug|Win32
		{DD73C922-FDC4-4B71-A6FC-D6E4254CF702}.Debug|x86.Build.0 = Debug|Win32
		{DD73C922-FDC4-4B71-A6FC-D6E4254CF702}.Release|x64.ActiveCfg = Release|x64
		{DD73C922-FDC4-4B71-A6FC-D6E4254CF702}.Release|x64.Build.0 = Release|x64
		{DD73C922-FDC4-4B71-A6FC-D6E4254CF702}.Release|x86.ActiveCfg = Release|Win32
		{DD73C922-FDC4-4B71-A6FC-D6E4254CF702}.Release|x86.Build.0 = Release|Win32
		{3106E0BE-BD50-4766-B4F9-3F2D3479D741}.Debug|x64.ActiveCfg = Debug|x64
		{3106E0BE-BD50-4766-B4F9-3F2D3479D741}.Debug|x64.Build.0 = Debug|x64
		{3106E0BE-BD50-4766-B4F9-3F2D3479D741}.Debug|x86.ActiveCfg = Debug|Win32
		{3106E0BE-BD50-4766-B4F9-3F2D3479D741}.Debug|x86.Build.0 = Debug|Win32
		{3106E0BE-BD50-4766-B4F9-3F2D3479D741}.Release|x64.ActiveCfg = Release|x64
		{3106E0BE-BD50-4766-B4F9-3F2D3479D741}.Release|x64.Build.0 = Release|x64
		{3106E0BE-BD50-4766-B4F9-3F2D3479D741}.Release|x86.ActiveCfg = Release|Win32
		{3106E0BE-BD50-4766-B4F9-3F2D3479D741}.Release|x86.Build.0 = Release|Win32
		{DF7D8769-83C3-4A9A-88E1-BCD9EBA67E3F}.Debug|x64.ActiveCfg = Debug|x64
		{DF7D8769-83C3-4A9A-88E1-BCD9EBA67E3F}.Debug|x64.Build.0 = Debug|x64
		{DF7D8769-83C3-4A9A-88E1-BCD9EBA67E3F}.Debug|x86.ActiveCfg = Debug|Win32
		{DF7D8769-83C3-4A9A-88E1-BCD9EBA67E3F}.Debug|x86.Build.0 = Debug|Win32
		{DF7D8769-83C3-4A9A-88E1-BCD9EBA67E3F}.Release|x64.ActiveCfg = Release|x64
		{DF7D8769-83C3-4A9A-88E1-BCD9EBA67E3F}.Release|x64.Build.0 = Release|x64
		{DF7D8769-83C3-4A9A-88E1-BCD9EBA67E3F}.Release|x86.ActiveCfg = Release|Win32
		{DF7D8769-83C3-4A9A-88E1-BCD9EBA67E3F}.Release|x86.Build.0 = Release|Win32
		{840A23D5-C837-4CC0-B176-AFC488F380C1}.Debug|x64.ActiveCfg = Debug|x64
		{840A23D5-C837-4CC0-B176-AFC488F380C1}.Debug|x64.Build.0 = Debug|x64
		{840A23D5-C837-4CC0-B176-AFC488F380C1}.Debug|x86.ActiveCfg = Debug|Win32
		{840A23D5-C837-4CC0-B176-AFC488F380C1}.Debug|x86.Build.0 = Debug|Win32
		{840A23D5-C837-4CC0-B176-AFC488F380C1}.Release|x64.ActiveCfg = Release|x64
		{840A23D5-C837-4CC0-B176-AFC488F380C1}.Release|x64.Build.0 = Release|x64
		{840A23D5-C837-4CC0-B176-AFC488F380C1}.Release|x86.ActiveCfg = Release|Win32
		{840A23D5-C837-4CC0-B176-AFC488F380C1}.Release|x86.Build.0 = Release|Win32
		{1036066C-9AF8-44D3-9D8D-6E5A54E4EA46}.Debug|x64.ActiveCfg = Debug|x64
		{1036066C-9AF8-44D3-9D8D-6E5A54E4EA46}.Debug|x64.Build.0 = Debug|x64
		{1036066C-9AF8-44D3-9D8D-6E5A54E4EA46}.Debug|x86.ActiveCfg = Debug|Win32
		{1036066C-9AF8-44D3-9D8D-6E5A54E4EA46}.Debug|x86.Build.0 = Debug|Win32
		{1036066C-9AF8-44D3-9D8D-6E5A54E4EA46}.Release|x64.ActiveCfg = Release|x64
		{1036066C-9AF8-44D3-9D8D-6E5A54E4EA46}.Release|x64.Build.0 = Release|x64
		{1036066C-9AF8-44D3-9D8D-6E5A54E4EA46}.Release|x86.ActiveCfg = Release|Win32
		{1036066C-9AF8-44D3-9D8D-6E5A54E4EA46}.Release|x86.Build.0 = Release|Win32
		{C213016F-F484-4F28-9D76-C9F221C3DD22}.Debug|x64.ActiveCfg = Debug|x64
		{C213016F-F484-4F28-9D76-C9F221C3DD22}.Debug|x64.Build.0 = Debug|x64
		{C213016F-F484-4F28-9D76-C9F221C3DD22}.Debug|x86.ActiveCfg = Debug|Win32
		{C213016F-F484-4F28-9D76-C9F221C3DD22}.Debug|x86.Build.0 = Debug|Win32
		{C213016F-F484-4F28-9D76-C9F221C3DD22}.Release|x64.ActiveCfg = Release|x64
		{C213016F-F484-4F28-9D76-C9F221C3DD22}.Release|x64.Build.0 = Release|x64
		{C213016F-F484-4F28-9D76-C9F221C3DD22}.Release|x86.ActiveCfg = Release|Win32
		{C213016F-F484-4F28-9D76-C9F221C3DD22}.Release|x86.Build.0 = Release|Win32
		{0C5EC4B7-3641-46DF-84D9-F73694D44C2D}.Debug|x64.ActiveCfg = Debug|x64
		{0C5EC4B7-3641-46DF-84D9-F73694D44C2D}.Debug|x64.Build.0 = Debug|x64
		{0C5EC4B7-3641-46DF-84D9-F73694D44C2D}.Debug|x86.ActiveCfg = Debug|Win32
		{0C5EC4B7-3641-46DF-84D9-F73694D44C2D}.Debug|x86.Build.0 = Debug|Win32
		{0C5EC4B7-3641-46DF-84D9-F73694D44C2D}.Release|x64.ActiveCfg = Release|x64
		{0C5EC4B7-3641-46DF-84D9-F73694D44C2D}.Release|x64.Build.0 = Release|x64
		{0C5EC4B7-3641-46DF-84D9-F73694D44C2D}.Release|x86.ActiveCfg = Release|Win32
		{0C5EC4B7-3641-46DF-84D9-F73694D44C2D}.Release|x86.Build.0 = Release|Win32
		{3CEB16A0-0F7B-484E-B9A7-2424B6F41AF7}.Debug|x64.ActiveCfg = Debug|x64
		{3CEB16A0-0F7B-484E-B9A7-2424B6F41AF7}.Debug|x64.Build.0 = Debug|x64
		{3CEB16A0-0F7B-484E-B9A7-2424B6F41AF7}.Debug|x86.ActiveCfg = Debug|Win32
		{3CEB16A0-0F7B-484E-B9A7-2424B6F41AF7}.Debug|x86.Build.0 = Debug|Win32
		{3CEB16A0-0F7B-484E-B9A7-2424B6F41AF7}.Release|x64.ActiveCfg = Release|x64
		{3CEB16A0-0F7B-484E-B9A7-2424B6F41AF7}.Release|x64.Build.0 = Release|x64
		{3CEB16A0-0F7B-484E-B9A7-2424B6F41AF7}.Release|x86.ActiveCfg = Release|Win32
		{3CEB16A0-0F7B-484E-B9A7-2424B6F41AF7}.Release|x86.Build.0 = Release|Win32
		{4EB9B2B9-4248-4F92-A3A8-689C44327E1D}.Debug|x64.ActiveCfg = Debug|x64
		{4EB9B2B9-4248-4F92-A3A8-689C44327E1D}.Debug|x64.Build.0 = Debug|x64
		{4EB9B2B9-4248-4F92-A3A8-689C44327E1D}.Debug|x86.ActiveCfg = Debug|Win32
		{4EB9B2B9-4248-4F92-A3A8-689C44327E1D}.Debug|x86.Build.0 = Debug|Win32
		{4EB9B2B9-4248-4F92-A3A8-689C44327E1D}.Release|x64.ActiveCfg = Release|x64
		{4EB9B2B9-4248-4F92-A3A8-689C44327E1D}.Release|x64.Build.0 = Release|x64
		{4EB9B2B9-4248-4F92-A3A8-689C44327E1D}.Release|x86.ActiveCfg = Release|Win32
		{4EB9B2B9-4248-4F92-A3A8-689C44327E1D}.Release|x86.Build.0 = Release|Win32
		{13E0DC67-BB28-47FB-A2B1-6A454CAC5D8E}.Debug|x64.ActiveCfg = Debug|x64
		{13E0DC67-BB28-47FB-A2B1-6A454CAC5D8E}.Debug|x64.Build.0 = Debug|x64
		{13E0DC67-BB28-47FB-A2B1-6A454CAC5D8E}.Debug|x86.ActiveCfg = Debug|Win32
		{13E0DC67-BB28-47FB-A2B1-6A454CAC5D8E}.Debug|x86.Build.0 = Debug|Win32
		{13E0DC67-BB28-47FB-A2B1-6A454CAC5D8E}.Release|x64.ActiveCfg = Release|x64
		{13E0DC67-BB28-47FB-A2B1-6A454CAC5D8E}.Release|x64.Build.0 = Release|x64
		{13E0DC67-BB28-47FB-A2B1-6A454CAC5D8E}.Release|x86.ActiveCfg = Release|Win32
		{13E0DC67-BB28-47FB-A2B1-6A454CAC5D8E}.Release|x86.Build.0 = Release|Win32
		{2492D6D5-0711-4C22-BE78-D847F9E2B955}.Debug|x64.ActiveCfg = Debug|x64
		{2492D6D5-0711-4C22-BE78-D847F9E2B955}.Debug|x64.Build.0 = Debug|x64
		{2492D6D5-0711-4C22-BE78-D847F9E2B955}.Debug|x86.ActiveCfg = Debug|Win32
		{2492D6D5-0711-4C22-BE78-D847F9E2B955}.Debug|x86.Build.0 = Debug|Win32
		{2492D6D5-0711-4C22-BE78-D847F9E2B955}.Release|x64.ActiveCfg = Release|x64
		{2492D6D5-0711-4C22-BE78-D847F9E2B955}.Release|x64.Build.0 = Release|x64
		{2492D6D5-0711-4C22-BE78-D847F9E2B955}.Release|x86.ActiveCfg = Release|Win32
		{2492D6D5-0711-4C22-BE78-D847F9E2B955}.Release|x86.Build.0 = Release|Win32
		{24802D8D-BCF3-409B-B59A-3F7204E2AF3E}.Debug|x64.ActiveCfg = Debug|x64
		{24802D8D-BCF3-409B-B59A-3F7204E2AF3E}.Debug|x64.Build.0 = Debug|x64
		{24802D8D-BCF3-409B-B59A-3F7204E2AF3E}.Debug|x86.ActiveCfg = Debug|Win32
		{24802D8D-BCF3-409B-B59A-3F7204E2AF3E}.Debug|x86.Build.0 = Debug|Win32
		{24802D8D-BCF3-409B-B59A-3F7204E2AF3E}.Release|x64.ActiveCfg = Release|x64
		{24802D8D-BCF3-409B-B59A-3F7204E2AF3E}.Release|x64.Build.0 = Release|x64
		{24802D8D-BCF3-409B-B59A-3F7204E2AF3E}.Release|x86.ActiveCfg = Release|Win32
		{24802D8D-BCF3-409B-B59A-3F7204E2AF3E}.Release|x86.Build.0 = Release|Win32
		{B42A42F5-290B-4984-9AF0-922E7617196F}.Debug|x64.ActiveCfg = Debug|x64
		{B42A42F5-290B-4984-9AF0-922E7617196F}.Debug|x64.Build.0 = Debug|x64
		{B42A42F5-290B-4984-9AF0-922E7617196F}.Debug|x86.ActiveCfg = Debug|Win32
		{B42A42F5-290B-4984-9AF0-922E7617196F}.Debug|x86.Build.0 = Debug|Win32
		{B42A42F5-290B-4984-9AF0-922E7617196F}.Release|x64.ActiveCfg = Release|x64
		{B42A42F5-290B-4984-9AF0-922E7617196F}.Release|x64.Build.0 = Release|x64
		{B42A42F5-290B-4984-9AF0-922E7617196F}.Release|x86.ActiveCfg = Release|Win32
		{B42A42F5-290B-4984-9AF0-922E7617196F}.Release|x86.Build.0 = Release|Win32
	EndGlobalSection
	GlobalSection(SolutionProperties) = preSolution
		HideSolutionNode = FALSE
	EndGlobalSection
	GlobalSection(NestedProjects) = preSolution
		{C69BB63B-4BDE-4D44-BEF9-4506897E1CCE} = {BD3BD9A7-BD28-4C8D-8067-AB5C8764E186}
		{4D6AC2F2-1754-4CE2-9D94-7647952F3A70} = {BD3BD9A7-BD28-4C8D-8067-AB5C8764E186}
		{0CFB404E-4400-4FC7-A324-AF6FDDDD1D97} = {BD3BD9A7-BD28-4C8D-8067-AB5C8764E186}
		{8564324B-618A-42A6-8C18-4CD9288C0BCB} = {BD3BD9A7-BD28-4C8D-8067-AB5C8764E186}
		{A13DC85B-36DD-45F8-A4C8-7FC4FFEC2EC5} = {BD3BD9A7-BD28-4C8D-8067-AB5C8764E186}
		{252D90CE-DC34-4B26-AB7A-048E365062BB} = {BD3BD9A7-BD28-4C8D-8067-AB5C8764E186}
		{926C68EA-B7AC-40FB-B8E2-4C7CEBFA4140} = {BD3BD9A7-BD28-4C8D-8067-AB5C8764E186}
		{6A6BBA26-F1FC-4FCF-A17E-D080D7EB9367} = {BD3BD9A7-BD28-4C8D-8067-AB5C8764E186}
		{84A52E5D-0C35-4A80-8722-B9C7AABFD900} = {571418E4-7833-4E09-9AB5-C191092FBA46}
		{2A8817EB-8E54-417D-987E-2D06770540BE} = {571418E4-7833-4E09-9AB5-C191092FBA46}
		{87A6953F-B0FD-4949-A9CA-7A75BC88C3C7} = {571418E4-7833-4E09-9AB5-C191092FBA46}
		{ED71CFEE-1D4B-4298-B9B4-9C261A886840} = {571418E4-7833-4E09-9AB5-C191092FBA46}
		{134D529B-C64F-41D2-90B0-9367FC7116B8} = {571418E4-7833-4E09-9AB5-C191092FBA46}
		{F73FE450-ADC4-4240-A8C4-DD4EC74248F2} = {BA5EADD0-1165-43B8-8977-CE2DC8855E0B}
		{959E8B74-EEEF-413A-B64B-9519B6AF68D0} = {A552489E-FB3C-467A-9449-FA0719B636A9}
		{9E387DF1-E5D6-4573-939F-1B6E9195672E} = {A552489E-FB3C-467A-9449-FA0719B636A9}
		{B05C50CF-ADA8-4581-9226-5A8C263C9254} = {A552489E-FB3C-467A-9449-FA0719B636A9}
		{F5C8D275-D358-40D4-9A5D-E2FFB368D59D} = {A552489E-FB3C-467A-9449-FA0719B636A9}
		{07A256ED-101C-46F3-AF51-02329306385F} = {A552489E-FB3C-467A-9449-FA0719B636A9}
		{DD73C922-FDC4-4B71-A6FC-D6E4254CF702} = {A552489E-FB3C-467A-9449-FA0719B636A9}
		{3106E0BE-BD50-4766-B4F9-3F2D3479D741} = {A552489E-FB3C-467A-9449-FA0719B636A9}
		{DF7D8769-83C3-4A9A-88E1-BCD9EBA67E3F} = {A552489E-FB3C-467A-9449-FA0719B636A9}
		{840A23D5-C837-4CC0-B176-AFC488F380C1} = {A552489E-FB3C-467A-9449-FA0719B636A9}
		{1036066C-9AF8-44D3-9D8D-6E5A54E4EA46} = {A552489E-FB3C-467A-9449-FA0719B636A9}
		{C213016F-F484-4F28-9D76-C9F221C3DD22} = {B5290872-593A-4233-B343-0225FA87EFF8}
		{0C5EC4B7-3641-46DF-84D9-F73694D44C2D} = {B5290872-593A-4233-B343-0225FA87EFF8}
		{ED019776-79E1-4C18-8710-D4F3D7062589} = {B5290872-593A-4233-B343-0225FA87EFF8}
		{3CEB16A0-0F7B-484E-B9A7-2424B6F41AF7} = {ED019776-79E1-4C18-8710-D4F3D7062589}
		{4EB9B2B9-4248-4F92-A3A8-689C44327E1D} = {ED019776-79E1-4C18-8710-D4F3D7062589}
		{13E0DC67-BB28-47FB-A2B1-6A454CAC5D8E} = {B5290872-593A-4233-B343-0225FA87EFF8}
		{2492D6D5-0711-4C22-BE78-D847F9E2B955} = {B5290872-593A-4233-B343-0225FA87EFF8}
		{24802D8D-BCF3-409B-B59A-3F7204E2AF3E} = {B5290872-593A-4233-B343-0225FA87EFF8}
		{B42A42F5-290B-4984-9AF0-922E7617196F} = {B5290872-593A-4233-B343-0225FA87EFF8}
	EndGlobalSection
	GlobalSection(ExtensibilityGlobals) = postSolution
		SolutionGuid = {FF82F4D1-E477-4765-8D1A-588C40D0A7BC}
	EndGlobalSection
EndGlobal
